PODS:
  - SDWebImage (5.19.7):
    - SDWebImage/Core (= 5.19.7)
  - SDWebImage/Core (5.19.7)

DEPENDENCIES:
  - SDWebImage (~> 5.0)

SPEC REPOS:
  trunk:
    - SDWebImage

SPEC CHECKSUMS:
  SDWebImage: 8a6b7b160b4d710e2a22b6900e25301075c34cb3

PODFILE CHECKSUM: abd69b1354f527574d8cae0e676294b1077b451c

COCOAPODS: 1.15.2
