// !$*UTF8*$!
{
	archiveVersion = 1;
	classes = {
	};
	objectVersion = 56;
	objects = {

/* Begin PBXBuildFile section */
		5003F933CCD4C55FF1C95AE0 /* Pods_Marker.framework in Frameworks */ = {isa = PBXBuildFile; fileRef = B7588CA89BBBA926083BB312 /* Pods_Marker.framework */; };
		C91FF4312C90837500FC0746 /* GenreTableViewCell.swift in Sources */ = {isa = PBXBuildFile; fileRef = C91FF4302C90837500FC0746 /* GenreTableViewCell.swift */; };
		C975E8EE2C8AF67B00E4B75F /* AppDelegate.swift in Sources */ = {isa = PBXBuildFile; fileRef = C975E8ED2C8AF67B00E4B75F /* AppDelegate.swift */; };
		C975E8F02C8AF67B00E4B75F /* SceneDelegate.swift in Sources */ = {isa = PBXBuildFile; fileRef = C975E8EF2C8AF67B00E4B75F /* SceneDelegate.swift */; };
		C975E8F22C8AF67B00E4B75F /* CollectionsViewController.swift in Sources */ = {isa = PBXBuildFile; fileRef = C975E8F12C8AF67B00E4B75F /* CollectionsViewController.swift */; };
		C975E8F52C8AF67B00E4B75F /* Base in Resources */ = {isa = PBXBuildFile; fileRef = C975E8F42C8AF67B00E4B75F /* Base */; };
		C975E8F72C8AF67B00E4B75F /* Assets.xcassets in Resources */ = {isa = PBXBuildFile; fileRef = C975E8F62C8AF67B00E4B75F /* Assets.xcassets */; };
		C975E8FA2C8AF67B00E4B75F /* Base in Resources */ = {isa = PBXBuildFile; fileRef = C975E8F92C8AF67B00E4B75F /* Base */; };
		C9AA09A02C9482F1000CCF77 /* UILabel+Extension.swift in Sources */ = {isa = PBXBuildFile; fileRef = C9AA099F2C9482F0000CCF77 /* UILabel+Extension.swift */; };
		C9AA09A22C9496B1000CCF77 /* Localizable.xcstrings in Resources */ = {isa = PBXBuildFile; fileRef = C9AA09A12C9496B1000CCF77 /* Localizable.xcstrings */; };
		C9AA09A52C949B0F000CCF77 /* CollectionUseCase.swift in Sources */ = {isa = PBXBuildFile; fileRef = C9AA09A42C949B0F000CCF77 /* CollectionUseCase.swift */; };
		C9CBD4E52C8D8DC000DC2C14 /* GetComedyCollectionUseCase.swift in Sources */ = {isa = PBXBuildFile; fileRef = C9CBD4E42C8D8DC000DC2C14 /* GetComedyCollectionUseCase.swift */; };
		C9CBD4E92C8D8F5200DC2C14 /* GetRealityCollectionUseCase.swift in Sources */ = {isa = PBXBuildFile; fileRef = C9CBD4E82C8D8F5200DC2C14 /* GetRealityCollectionUseCase.swift */; };
		C9CBD4EB2C8D8F7000DC2C14 /* GetDramaCollectionUseCase.swift in Sources */ = {isa = PBXBuildFile; fileRef = C9CBD4EA2C8D8F7000DC2C14 /* GetDramaCollectionUseCase.swift */; };
		C9CBD4EE2C8D94A900DC2C14 /* TVShow.swift in Sources */ = {isa = PBXBuildFile; fileRef = C9CBD4ED2C8D94A900DC2C14 /* TVShow.swift */; };
		C9CBD4F62C8D9E8600DC2C14 /* Genre.swift in Sources */ = {isa = PBXBuildFile; fileRef = C9CBD4F52C8D9E8600DC2C14 /* Genre.swift */; };
		C9E1801C2C8B1E1E0016767D /* CollectionRepository.swift in Sources */ = {isa = PBXBuildFile; fileRef = C9E1801B2C8B1E1E0016767D /* CollectionRepository.swift */; };
		C9E1801F2C8B1EAD0016767D /* GetActionAdventureCollectionUseCase.swift in Sources */ = {isa = PBXBuildFile; fileRef = C9E1801E2C8B1EAD0016767D /* GetActionAdventureCollectionUseCase.swift */; };
		C9E180222C8B1F880016767D /* CollectionRepositoryImpl.swift in Sources */ = {isa = PBXBuildFile; fileRef = C9E180212C8B1F880016767D /* CollectionRepositoryImpl.swift */; };
		C9E180252C8B1FBE0016767D /* RemoteCollectionDataSource.swift in Sources */ = {isa = PBXBuildFile; fileRef = C9E180242C8B1FBE0016767D /* RemoteCollectionDataSource.swift */; };
		C9E180272C8B205E0016767D /* CollectionDataSource.swift in Sources */ = {isa = PBXBuildFile; fileRef = C9E180262C8B205E0016767D /* CollectionDataSource.swift */; };
		C9E180292C8B21540016767D /* CollectionsViewModel.swift in Sources */ = {isa = PBXBuildFile; fileRef = C9E180282C8B21540016767D /* CollectionsViewModel.swift */; };
		C9E180312C8B3B110016767D /* NetworkConstants.swift in Sources */ = {isa = PBXBuildFile; fileRef = C9E180302C8B3B110016767D /* NetworkConstants.swift */; };
		C9E180332C8B3BF40016767D /* HTTPMethods.swift in Sources */ = {isa = PBXBuildFile; fileRef = C9E180322C8B3BF40016767D /* HTTPMethods.swift */; };
		C9E180352C8B3F610016767D /* APICallerErrors.swift in Sources */ = {isa = PBXBuildFile; fileRef = C9E180342C8B3F610016767D /* APICallerErrors.swift */; };
/* End PBXBuildFile section */

/* Begin PBXFileReference section */
		3CAE4AA2B66DC2D287B92C95 /* Pods-Marker.debug.xcconfig */ = {isa = PBXFileReference; includeInIndex = 1; lastKnownFileType = text.xcconfig; name = "Pods-Marker.debug.xcconfig"; path = "Target Support Files/Pods-Marker/Pods-Marker.debug.xcconfig"; sourceTree = "<group>"; };
		6170CA8F47C3F75692C94DC4 /* Pods-Marker.release.xcconfig */ = {isa = PBXFileReference; includeInIndex = 1; lastKnownFileType = text.xcconfig; name = "Pods-Marker.release.xcconfig"; path = "Target Support Files/Pods-Marker/Pods-Marker.release.xcconfig"; sourceTree = "<group>"; };
		B7588CA89BBBA926083BB312 /* Pods_Marker.framework */ = {isa = PBXFileReference; explicitFileType = wrapper.framework; includeInIndex = 0; path = Pods_Marker.framework; sourceTree = BUILT_PRODUCTS_DIR; };
		C91FF4302C90837500FC0746 /* GenreTableViewCell.swift */ = {isa = PBXFileReference; lastKnownFileType = sourcecode.swift; path = GenreTableViewCell.swift; sourceTree = "<group>"; };
		C975E8EA2C8AF67B00E4B75F /* Marker.app */ = {isa = PBXFileReference; explicitFileType = wrapper.application; includeInIndex = 0; path = Marker.app; sourceTree = BUILT_PRODUCTS_DIR; };
		C975E8ED2C8AF67B00E4B75F /* AppDelegate.swift */ = {isa = PBXFileReference; lastKnownFileType = sourcecode.swift; path = AppDelegate.swift; sourceTree = "<group>"; };
		C975E8EF2C8AF67B00E4B75F /* SceneDelegate.swift */ = {isa = PBXFileReference; lastKnownFileType = sourcecode.swift; path = SceneDelegate.swift; sourceTree = "<group>"; };
		C975E8F12C8AF67B00E4B75F /* CollectionsViewController.swift */ = {isa = PBXFileReference; lastKnownFileType = sourcecode.swift; path = CollectionsViewController.swift; sourceTree = "<group>"; };
		C975E8F42C8AF67B00E4B75F /* Base */ = {isa = PBXFileReference; lastKnownFileType = file.storyboard; name = Base; path = Base.lproj/Main.storyboard; sourceTree = "<group>"; };
		C975E8F62C8AF67B00E4B75F /* Assets.xcassets */ = {isa = PBXFileReference; lastKnownFileType = folder.assetcatalog; path = Assets.xcassets; sourceTree = "<group>"; };
		C975E8F92C8AF67B00E4B75F /* Base */ = {isa = PBXFileReference; lastKnownFileType = file.storyboard; name = Base; path = Base.lproj/LaunchScreen.storyboard; sourceTree = "<group>"; };
		C975E8FB2C8AF67B00E4B75F /* Info.plist */ = {isa = PBXFileReference; lastKnownFileType = text.plist.xml; path = Info.plist; sourceTree = "<group>"; };
		C9AA099F2C9482F0000CCF77 /* UILabel+Extension.swift */ = {isa = PBXFileReference; lastKnownFileType = sourcecode.swift; path = "UILabel+Extension.swift"; sourceTree = "<group>"; };
		C9AA09A12C9496B1000CCF77 /* Localizable.xcstrings */ = {isa = PBXFileReference; lastKnownFileType = text.json.xcstrings; path = Localizable.xcstrings; sourceTree = "<group>"; };
		C9AA09A42C949B0F000CCF77 /* CollectionUseCase.swift */ = {isa = PBXFileReference; lastKnownFileType = sourcecode.swift; path = CollectionUseCase.swift; sourceTree = "<group>"; };
		C9CBD4E42C8D8DC000DC2C14 /* GetComedyCollectionUseCase.swift */ = {isa = PBXFileReference; lastKnownFileType = sourcecode.swift; path = GetComedyCollectionUseCase.swift; sourceTree = "<group>"; };
		C9CBD4E82C8D8F5200DC2C14 /* GetRealityCollectionUseCase.swift */ = {isa = PBXFileReference; lastKnownFileType = sourcecode.swift; path = GetRealityCollectionUseCase.swift; sourceTree = "<group>"; };
		C9CBD4EA2C8D8F7000DC2C14 /* GetDramaCollectionUseCase.swift */ = {isa = PBXFileReference; lastKnownFileType = sourcecode.swift; path = GetDramaCollectionUseCase.swift; sourceTree = "<group>"; };
		C9CBD4ED2C8D94A900DC2C14 /* TVShow.swift */ = {isa = PBXFileReference; lastKnownFileType = sourcecode.swift; path = TVShow.swift; sourceTree = "<group>"; };
		C9CBD4F52C8D9E8600DC2C14 /* Genre.swift */ = {isa = PBXFileReference; lastKnownFileType = sourcecode.swift; path = Genre.swift; sourceTree = "<group>"; };
		C9E1801B2C8B1E1E0016767D /* CollectionRepository.swift */ = {isa = PBXFileReference; lastKnownFileType = sourcecode.swift; path = CollectionRepository.swift; sourceTree = "<group>"; };
		C9E1801E2C8B1EAD0016767D /* GetActionAdventureCollectionUseCase.swift */ = {isa = PBXFileReference; lastKnownFileType = sourcecode.swift; path = GetActionAdventureCollectionUseCase.swift; sourceTree = "<group>"; };
		C9E180212C8B1F880016767D /* CollectionRepositoryImpl.swift */ = {isa = PBXFileReference; lastKnownFileType = sourcecode.swift; path = CollectionRepositoryImpl.swift; sourceTree = "<group>"; };
		C9E180242C8B1FBE0016767D /* RemoteCollectionDataSource.swift */ = {isa = PBXFileReference; lastKnownFileType = sourcecode.swift; path = RemoteCollectionDataSource.swift; sourceTree = "<group>"; };
		C9E180262C8B205E0016767D /* CollectionDataSource.swift */ = {isa = PBXFileReference; lastKnownFileType = sourcecode.swift; path = CollectionDataSource.swift; sourceTree = "<group>"; };
		C9E180282C8B21540016767D /* CollectionsViewModel.swift */ = {isa = PBXFileReference; lastKnownFileType = sourcecode.swift; path = CollectionsViewModel.swift; sourceTree = "<group>"; };
		C9E1802B2C8B32CB0016767D /* DebugSettings.xcconfig */ = {isa = PBXFileReference; lastKnownFileType = text.xcconfig; path = DebugSettings.xcconfig; sourceTree = "<group>"; };
		C9E1802E2C8B3A6C0016767D /* ReleaseSettings.xcconfig */ = {isa = PBXFileReference; lastKnownFileType = text.xcconfig; path = ReleaseSettings.xcconfig; sourceTree = "<group>"; };
		C9E180302C8B3B110016767D /* NetworkConstants.swift */ = {isa = PBXFileReference; lastKnownFileType = sourcecode.swift; path = NetworkConstants.swift; sourceTree = "<group>"; };
		C9E180322C8B3BF40016767D /* HTTPMethods.swift */ = {isa = PBXFileReference; lastKnownFileType = sourcecode.swift; path = HTTPMethods.swift; sourceTree = "<group>"; };
		C9E180342C8B3F610016767D /* APICallerErrors.swift */ = {isa = PBXFileReference; lastKnownFileType = sourcecode.swift; path = APICallerErrors.swift; sourceTree = "<group>"; };
/* End PBXFileReference section */

/* Begin PBXFrameworksBuildPhase section */
		C975E8E72C8AF67A00E4B75F /* Frameworks */ = {
			isa = PBXFrameworksBuildPhase;
			buildActionMask = 2147483647;
			files = (
				5003F933CCD4C55FF1C95AE0 /* Pods_Marker.framework in Frameworks */,
			);
			runOnlyForDeploymentPostprocessing = 0;
		};
/* End PBXFrameworksBuildPhase section */

/* Begin PBXGroup section */
		07CDC19C51C6D53FE210CA3C /* Pods */ = {
			isa = PBXGroup;
			children = (
				3CAE4AA2B66DC2D287B92C95 /* Pods-Marker.debug.xcconfig */,
				6170CA8F47C3F75692C94DC4 /* Pods-Marker.release.xcconfig */,
			);
			path = Pods;
			sourceTree = "<group>";
		};
		AE084A95208EAB72CD252CE6 /* Frameworks */ = {
			isa = PBXGroup;
			children = (
				B7588CA89BBBA926083BB312 /* Pods_Marker.framework */,
			);
			name = Frameworks;
			sourceTree = "<group>";
		};
		C902CFCB2C8B06F6007062D3 /* Features */ = {
			isa = PBXGroup;
			children = (
				C9E1801A2C8B1DED0016767D /* Collections */,
			);
			path = Features;
			sourceTree = "<group>";
		};
		C902CFCC2C8B0702007062D3 /* Presentation */ = {
			isa = PBXGroup;
			children = (
				C975E8F12C8AF67B00E4B75F /* CollectionsViewController.swift */,
				C9E180282C8B21540016767D /* CollectionsViewModel.swift */,
				C91FF4302C90837500FC0746 /* GenreTableViewCell.swift */,
			);
			path = Presentation;
			sourceTree = "<group>";
		};
		C902CFCD2C8B070C007062D3 /* Data */ = {
			isa = PBXGroup;
			children = (
				C9E1801D2C8B1E9F0016767D /* UseCase */,
				C9E180192C8B1DCD0016767D /* Repository */,
			);
			path = Data;
			sourceTree = "<group>";
		};
		C902CFCE2C8B0711007062D3 /* Domain */ = {
			isa = PBXGroup;
			children = (
				C9CBD4EC2C8D947700DC2C14 /* Model */,
				C9E180232C8B1FA50016767D /* DataSource */,
				C9E180202C8B1F740016767D /* Repository */,
			);
			path = Domain;
			sourceTree = "<group>";
		};
		C975E8E12C8AF67A00E4B75F = {
			isa = PBXGroup;
			children = (
				C975E8EC2C8AF67B00E4B75F /* Marker */,
				C975E8EB2C8AF67B00E4B75F /* Products */,
				07CDC19C51C6D53FE210CA3C /* Pods */,
				AE084A95208EAB72CD252CE6 /* Frameworks */,
			);
			sourceTree = "<group>";
		};
		C975E8EB2C8AF67B00E4B75F /* Products */ = {
			isa = PBXGroup;
			children = (
				C975E8EA2C8AF67B00E4B75F /* Marker.app */,
			);
			name = Products;
			sourceTree = "<group>";
		};
		C975E8EC2C8AF67B00E4B75F /* Marker */ = {
			isa = PBXGroup;
			children = (
				C9AA09A32C949B00000CCF77 /* Protocols */,
				C9AA099E2C9482E3000CCF77 /* Extensions */,
				C9E1802F2C8B3AFB0016767D /* Utilities */,
				C902CFCB2C8B06F6007062D3 /* Features */,
				C975E8ED2C8AF67B00E4B75F /* AppDelegate.swift */,
				C975E8EF2C8AF67B00E4B75F /* SceneDelegate.swift */,
				C975E8F82C8AF67B00E4B75F /* LaunchScreen.storyboard */,
				C975E8F32C8AF67B00E4B75F /* Main.storyboard */,
				C9E1802E2C8B3A6C0016767D /* ReleaseSettings.xcconfig */,
				C9E1802B2C8B32CB0016767D /* DebugSettings.xcconfig */,
				C975E8F62C8AF67B00E4B75F /* Assets.xcassets */,
				C975E8FB2C8AF67B00E4B75F /* Info.plist */,
				C9AA09A12C9496B1000CCF77 /* Localizable.xcstrings */,
			);
			path = Marker;
			sourceTree = "<group>";
		};
		C9AA099E2C9482E3000CCF77 /* Extensions */ = {
			isa = PBXGroup;
			children = (
				C9AA099F2C9482F0000CCF77 /* UILabel+Extension.swift */,
			);
			path = Extensions;
			sourceTree = "<group>";
		};
		C9AA09A32C949B00000CCF77 /* Protocols */ = {
			isa = PBXGroup;
			children = (
				C9AA09A42C949B0F000CCF77 /* CollectionUseCase.swift */,
			);
			path = Protocols;
			sourceTree = "<group>";
		};
		C9CBD4EC2C8D947700DC2C14 /* Model */ = {
			isa = PBXGroup;
			children = (
				C9CBD4ED2C8D94A900DC2C14 /* TVShow.swift */,
			);
			path = Model;
			sourceTree = "<group>";
		};
		C9CBD4F32C8D9E6F00DC2C14 /* Network */ = {
			isa = PBXGroup;
			children = (
				C9E180302C8B3B110016767D /* NetworkConstants.swift */,
				C9E180322C8B3BF40016767D /* HTTPMethods.swift */,
				C9E180342C8B3F610016767D /* APICallerErrors.swift */,
			);
			path = Network;
			sourceTree = "<group>";
		};
		C9CBD4F42C8D9E7600DC2C14 /* Filters */ = {
			isa = PBXGroup;
			children = (
				C9CBD4F52C8D9E8600DC2C14 /* Genre.swift */,
			);
			path = Filters;
			sourceTree = "<group>";
		};
		C9E180192C8B1DCD0016767D /* Repository */ = {
			isa = PBXGroup;
			children = (
				C9E1801B2C8B1E1E0016767D /* CollectionRepository.swift */,
			);
			path = Repository;
			sourceTree = "<group>";
		};
		C9E1801A2C8B1DED0016767D /* Collections */ = {
			isa = PBXGroup;
			children = (
				C902CFCE2C8B0711007062D3 /* Domain */,
				C902CFCD2C8B070C007062D3 /* Data */,
				C902CFCC2C8B0702007062D3 /* Presentation */,
			);
			path = Collections;
			sourceTree = "<group>";
		};
		C9E1801D2C8B1E9F0016767D /* UseCase */ = {
			isa = PBXGroup;
			children = (
				C9E1801E2C8B1EAD0016767D /* GetActionAdventureCollectionUseCase.swift */,
				C9CBD4E42C8D8DC000DC2C14 /* GetComedyCollectionUseCase.swift */,
				C9CBD4E82C8D8F5200DC2C14 /* GetRealityCollectionUseCase.swift */,
				C9CBD4EA2C8D8F7000DC2C14 /* GetDramaCollectionUseCase.swift */,
			);
			path = UseCase;
			sourceTree = "<group>";
		};
		C9E180202C8B1F740016767D /* Repository */ = {
			isa = PBXGroup;
			children = (
				C9E180212C8B1F880016767D /* CollectionRepositoryImpl.swift */,
			);
			path = Repository;
			sourceTree = "<group>";
		};
		C9E180232C8B1FA50016767D /* DataSource */ = {
			isa = PBXGroup;
			children = (
				C9E180242C8B1FBE0016767D /* RemoteCollectionDataSource.swift */,
				C9E180262C8B205E0016767D /* CollectionDataSource.swift */,
			);
			path = DataSource;
			sourceTree = "<group>";
		};
		C9E1802F2C8B3AFB0016767D /* Utilities */ = {
			isa = PBXGroup;
			children = (
				C9CBD4F42C8D9E7600DC2C14 /* Filters */,
				C9CBD4F32C8D9E6F00DC2C14 /* Network */,
			);
			path = Utilities;
			sourceTree = "<group>";
		};
/* End PBXGroup section */

/* Begin PBXNativeTarget section */
		C975E8E92C8AF67A00E4B75F /* Marker */ = {
			isa = PBXNativeTarget;
			buildConfigurationList = C975E8FE2C8AF67B00E4B75F /* Build configuration list for PBXNativeTarget "Marker" */;
			buildPhases = (
				01F5A1205091FBC0582BF6B8 /* [CP] Check Pods Manifest.lock */,
				C975E8E62C8AF67A00E4B75F /* Sources */,
				C975E8E72C8AF67A00E4B75F /* Frameworks */,
				C975E8E82C8AF67A00E4B75F /* Resources */,
				22D20FF4165FCAD622C6D115 /* [CP] Embed Pods Frameworks */,
			);
			buildRules = (
			);
			dependencies = (
			);
			name = Marker;
			productName = Marker;
			productReference = C975E8EA2C8AF67B00E4B75F /* Marker.app */;
			productType = "com.apple.product-type.application";
		};
/* End PBXNativeTarget section */

/* Begin PBXProject section */
		C975E8E22C8AF67A00E4B75F /* Project object */ = {
			isa = PBXProject;
			attributes = {
				BuildIndependentTargetsInParallel = 1;
				LastSwiftUpdateCheck = 1530;
				LastUpgradeCheck = 1530;
				TargetAttributes = {
					C975E8E92C8AF67A00E4B75F = {
						CreatedOnToolsVersion = 15.3;
					};
				};
			};
			buildConfigurationList = C975E8E52C8AF67A00E4B75F /* Build configuration list for PBXProject "Marker" */;
			compatibilityVersion = "Xcode 14.0";
			developmentRegion = en;
			hasScannedForEncodings = 0;
			knownRegions = (
				en,
				Base,
				fr,
			);
			mainGroup = C975E8E12C8AF67A00E4B75F;
			productRefGroup = C975E8EB2C8AF67B00E4B75F /* Products */;
			projectDirPath = "";
			projectRoot = "";
			targets = (
				C975E8E92C8AF67A00E4B75F /* Marker */,
			);
		};
/* End PBXProject section */

/* Begin PBXResourcesBuildPhase section */
		C975E8E82C8AF67A00E4B75F /* Resources */ = {
			isa = PBXResourcesBuildPhase;
			buildActionMask = 2147483647;
			files = (
				C975E8F72C8AF67B00E4B75F /* Assets.xcassets in Resources */,
				C975E8FA2C8AF67B00E4B75F /* Base in Resources */,
				C9AA09A22C9496B1000CCF77 /* Localizable.xcstrings in Resources */,
				C975E8F52C8AF67B00E4B75F /* Base in Resources */,
			);
			runOnlyForDeploymentPostprocessing = 0;
		};
/* End PBXResourcesBuildPhase section */

/* Begin PBXShellScriptBuildPhase section */
		01F5A1205091FBC0582BF6B8 /* [CP] Check Pods Manifest.lock */ = {
			isa = PBXShellScriptBuildPhase;
			buildActionMask = 2147483647;
			files = (
			);
			inputFileListPaths = (
			);
			inputPaths = (
				"${PODS_PODFILE_DIR_PATH}/Podfile.lock",
				"${PODS_ROOT}/Manifest.lock",
			);
			name = "[CP] Check Pods Manifest.lock";
			outputFileListPaths = (
			);
			outputPaths = (
				"$(DERIVED_FILE_DIR)/Pods-Marker-checkManifestLockResult.txt",
			);
			runOnlyForDeploymentPostprocessing = 0;
			shellPath = /bin/sh;
			shellScript = "diff \"${PODS_PODFILE_DIR_PATH}/Podfile.lock\" \"${PODS_ROOT}/Manifest.lock\" > /dev/null\nif [ $? != 0 ] ; then\n    # print error to STDERR\n    echo \"error: The sandbox is not in sync with the Podfile.lock. Run 'pod install' or update your CocoaPods installation.\" >&2\n    exit 1\nfi\n# This output is used by Xcode 'outputs' to avoid re-running this script phase.\necho \"SUCCESS\" > \"${SCRIPT_OUTPUT_FILE_0}\"\n";
			showEnvVarsInLog = 0;
		};
		22D20FF4165FCAD622C6D115 /* [CP] Embed Pods Frameworks */ = {
			isa = PBXShellScriptBuildPhase;
			buildActionMask = 2147483647;
			files = (
			);
			inputFileListPaths = (
				"${PODS_ROOT}/Target Support Files/Pods-Marker/Pods-Marker-frameworks-${CONFIGURATION}-input-files.xcfilelist",
			);
			name = "[CP] Embed Pods Frameworks";
			outputFileListPaths = (
				"${PODS_ROOT}/Target Support Files/Pods-Marker/Pods-Marker-frameworks-${CONFIGURATION}-output-files.xcfilelist",
			);
			runOnlyForDeploymentPostprocessing = 0;
			shellPath = /bin/sh;
			shellScript = "\"${PODS_ROOT}/Target Support Files/Pods-Marker/Pods-Marker-frameworks.sh\"\n";
			showEnvVarsInLog = 0;
		};
/* End PBXShellScriptBuildPhase section */

/* Begin PBXSourcesBuildPhase section */
		C975E8E62C8AF67A00E4B75F /* Sources */ = {
			isa = PBXSourcesBuildPhase;
			buildActionMask = 2147483647;
			files = (
				C9E180222C8B1F880016767D /* CollectionRepositoryImpl.swift in Sources */,
				C975E8F22C8AF67B00E4B75F /* CollectionsViewController.swift in Sources */,
				C9E180312C8B3B110016767D /* NetworkConstants.swift in Sources */,
				C9CBD4EE2C8D94A900DC2C14 /* TVShow.swift in Sources */,
				C9E180272C8B205E0016767D /* CollectionDataSource.swift in Sources */,
				C9CBD4EB2C8D8F7000DC2C14 /* GetDramaCollectionUseCase.swift in Sources */,
				C9E1801C2C8B1E1E0016767D /* CollectionRepository.swift in Sources */,
				C9E180292C8B21540016767D /* CollectionsViewModel.swift in Sources */,
				C975E8EE2C8AF67B00E4B75F /* AppDelegate.swift in Sources */,
				C9CBD4F62C8D9E8600DC2C14 /* Genre.swift in Sources */,
				C9E180252C8B1FBE0016767D /* RemoteCollectionDataSource.swift in Sources */,
				C9CBD4E92C8D8F5200DC2C14 /* GetRealityCollectionUseCase.swift in Sources */,
				C9AA09A02C9482F1000CCF77 /* UILabel+Extension.swift in Sources */,
				C9E180352C8B3F610016767D /* APICallerErrors.swift in Sources */,
				C9E180332C8B3BF40016767D /* HTTPMethods.swift in Sources */,
				C975E8F02C8AF67B00E4B75F /* SceneDelegate.swift in Sources */,
				C9E1801F2C8B1EAD0016767D /* GetActionAdventureCollectionUseCase.swift in Sources */,
				C91FF4312C90837500FC0746 /* GenreTableViewCell.swift in Sources */,
				C9AA09A52C949B0F000CCF77 /* CollectionUseCase.swift in Sources */,
				C9CBD4E52C8D8DC000DC2C14 /* GetComedyCollectionUseCase.swift in Sources */,
			);
			runOnlyForDeploymentPostprocessing = 0;
		};
/* End PBXSourcesBuildPhase section */

/* Begin PBXVariantGroup section */
		C975E8F32C8AF67B00E4B75F /* Main.storyboard */ = {
			isa = PBXVariantGroup;
			children = (
				C975E8F42C8AF67B00E4B75F /* Base */,
			);
			name = Main.storyboard;
			sourceTree = "<group>";
		};
		C975E8F82C8AF67B00E4B75F /* LaunchScreen.storyboard */ = {
			isa = PBXVariantGroup;
			children = (
				C975E8F92C8AF67B00E4B75F /* Base */,
			);
			name = LaunchScreen.storyboard;
			sourceTree = "<group>";
		};
/* End PBXVariantGroup section */

/* Begin XCBuildConfiguration section */
		C975E8FC2C8AF67B00E4B75F /* Debug */ = {
			isa = XCBuildConfiguration;
			buildSettings = {
				ALWAYS_SEARCH_USER_PATHS = NO;
				ASSETCATALOG_COMPILER_GENERATE_SWIFT_ASSET_SYMBOL_EXTENSIONS = YES;
				CLANG_ANALYZER_NONNULL = YES;
				CLANG_ANALYZER_NUMBER_OBJECT_CONVERSION = YES_AGGRESSIVE;
				CLANG_CXX_LANGUAGE_STANDARD = "gnu++20";
				CLANG_ENABLE_MODULES = YES;
				CLANG_ENABLE_OBJC_ARC = YES;
				CLANG_ENABLE_OBJC_WEAK = YES;
				CLANG_WARN_BLOCK_CAPTURE_AUTORELEASING = YES;
				CLANG_WARN_BOOL_CONVERSION = YES;
				CLANG_WARN_COMMA = YES;
				CLANG_WARN_CONSTANT_CONVERSION = YES;
				CLANG_WARN_DEPRECATED_OBJC_IMPLEMENTATIONS = YES;
				CLANG_WARN_DIRECT_OBJC_ISA_USAGE = YES_ERROR;
				CLANG_WARN_DOCUMENTATION_COMMENTS = YES;
				CLANG_WARN_EMPTY_BODY = YES;
				CLANG_WARN_ENUM_CONVERSION = YES;
				CLANG_WARN_INFINITE_RECURSION = YES;
				CLANG_WARN_INT_CONVERSION = YES;
				CLANG_WARN_NON_LITERAL_NULL_CONVERSION = YES;
				CLANG_WARN_OBJC_IMPLICIT_RETAIN_SELF = YES;
				CLANG_WARN_OBJC_LITERAL_CONVERSION = YES;
				CLANG_WARN_OBJC_ROOT_CLASS = YES_ERROR;
				CLANG_WARN_QUOTED_INCLUDE_IN_FRAMEWORK_HEADER = YES;
				CLANG_WARN_RANGE_LOOP_ANALYSIS = YES;
				CLANG_WARN_STRICT_PROTOTYPES = YES;
				CLANG_WARN_SUSPICIOUS_MOVE = YES;
				CLANG_WARN_UNGUARDED_AVAILABILITY = YES_AGGRESSIVE;
				CLANG_WARN_UNREACHABLE_CODE = YES;
				CLANG_WARN__DUPLICATE_METHOD_MATCH = YES;
				COPY_PHASE_STRIP = NO;
				DEBUG_INFORMATION_FORMAT = dwarf;
				ENABLE_STRICT_OBJC_MSGSEND = YES;
				ENABLE_TESTABILITY = YES;
				ENABLE_USER_SCRIPT_SANDBOXING = YES;
				GCC_C_LANGUAGE_STANDARD = gnu17;
				GCC_DYNAMIC_NO_PIC = NO;
				GCC_NO_COMMON_BLOCKS = YES;
				GCC_OPTIMIZATION_LEVEL = 0;
				GCC_PREPROCESSOR_DEFINITIONS = (
					"DEBUG=1",
					"$(inherited)",
				);
				GCC_WARN_64_TO_32_BIT_CONVERSION = YES;
				GCC_WARN_ABOUT_RETURN_TYPE = YES_ERROR;
				GCC_WARN_UNDECLARED_SELECTOR = YES;
				GCC_WARN_UNINITIALIZED_AUTOS = YES_AGGRESSIVE;
				GCC_WARN_UNUSED_FUNCTION = YES;
				GCC_WARN_UNUSED_VARIABLE = YES;
				IPHONEOS_DEPLOYMENT_TARGET = 17.4;
				LOCALIZATION_PREFERS_STRING_CATALOGS = YES;
				MTL_ENABLE_DEBUG_INFO = INCLUDE_SOURCE;
				MTL_FAST_MATH = YES;
				ONLY_ACTIVE_ARCH = YES;
				SDKROOT = iphoneos;
				SWIFT_ACTIVE_COMPILATION_CONDITIONS = "DEBUG $(inherited)";
				SWIFT_OPTIMIZATION_LEVEL = "-Onone";
			};
			name = Debug;
		};
		C975E8FD2C8AF67B00E4B75F /* Release */ = {
			isa = XCBuildConfiguration;
			buildSettings = {
				ALWAYS_SEARCH_USER_PATHS = NO;
				ASSETCATALOG_COMPILER_GENERATE_SWIFT_ASSET_SYMBOL_EXTENSIONS = YES;
				CLANG_ANALYZER_NONNULL = YES;
				CLANG_ANALYZER_NUMBER_OBJECT_CONVERSION = YES_AGGRESSIVE;
				CLANG_CXX_LANGUAGE_STANDARD = "gnu++20";
				CLANG_ENABLE_MODULES = YES;
				CLANG_ENABLE_OBJC_ARC = YES;
				CLANG_ENABLE_OBJC_WEAK = YES;
				CLANG_WARN_BLOCK_CAPTURE_AUTORELEASING = YES;
				CLANG_WARN_BOOL_CONVERSION = YES;
				CLANG_WARN_COMMA = YES;
				CLANG_WARN_CONSTANT_CONVERSION = YES;
				CLANG_WARN_DEPRECATED_OBJC_IMPLEMENTATIONS = YES;
				CLANG_WARN_DIRECT_OBJC_ISA_USAGE = YES_ERROR;
				CLANG_WARN_DOCUMENTATION_COMMENTS = YES;
				CLANG_WARN_EMPTY_BODY = YES;
				CLANG_WARN_ENUM_CONVERSION = YES;
				CLANG_WARN_INFINITE_RECURSION = YES;
				CLANG_WARN_INT_CONVERSION = YES;
				CLANG_WARN_NON_LITERAL_NULL_CONVERSION = YES;
				CLANG_WARN_OBJC_IMPLICIT_RETAIN_SELF = YES;
				CLANG_WARN_OBJC_LITERAL_CONVERSION = YES;
				CLANG_WARN_OBJC_ROOT_CLASS = YES_ERROR;
				CLANG_WARN_QUOTED_INCLUDE_IN_FRAMEWORK_HEADER = YES;
				CLANG_WARN_RANGE_LOOP_ANALYSIS = YES;
				CLANG_WARN_STRICT_PROTOTYPES = YES;
				CLANG_WARN_SUSPICIOUS_MOVE = YES;
				CLANG_WARN_UNGUARDED_AVAILABILITY = YES_AGGRESSIVE;
				CLANG_WARN_UNREACHABLE_CODE = YES;
				CLANG_WARN__DUPLICATE_METHOD_MATCH = YES;
				COPY_PHASE_STRIP = NO;
				DEBUG_INFORMATION_FORMAT = "dwarf-with-dsym";
				ENABLE_NS_ASSERTIONS = NO;
				ENABLE_STRICT_OBJC_MSGSEND = YES;
				ENABLE_USER_SCRIPT_SANDBOXING = YES;
				GCC_C_LANGUAGE_STANDARD = gnu17;
				GCC_NO_COMMON_BLOCKS = YES;
				GCC_WARN_64_TO_32_BIT_CONVERSION = YES;
				GCC_WARN_ABOUT_RETURN_TYPE = YES_ERROR;
				GCC_WARN_UNDECLARED_SELECTOR = YES;
				GCC_WARN_UNINITIALIZED_AUTOS = YES_AGGRESSIVE;
				GCC_WARN_UNUSED_FUNCTION = YES;
				GCC_WARN_UNUSED_VARIABLE = YES;
				IPHONEOS_DEPLOYMENT_TARGET = 17.4;
				LOCALIZATION_PREFERS_STRING_CATALOGS = YES;
				MTL_ENABLE_DEBUG_INFO = NO;
				MTL_FAST_MATH = YES;
				SDKROOT = iphoneos;
				SWIFT_COMPILATION_MODE = wholemodule;
				VALIDATE_PRODUCT = YES;
			};
			name = Release;
		};
		C975E8FF2C8AF67B00E4B75F /* Debug */ = {
			isa = XCBuildConfiguration;
			baseConfigurationReference = C9E1802B2C8B32CB0016767D /* DebugSettings.xcconfig */;
			buildSettings = {
				ASSETCATALOG_COMPILER_APPICON_NAME = AppIcon;
				ASSETCATALOG_COMPILER_GLOBAL_ACCENT_COLOR_NAME = AccentColor;
				CODE_SIGN_STYLE = Automatic;
				CURRENT_PROJECT_VERSION = 1;
				DEVELOPMENT_TEAM = L92342TF3R;
				ENABLE_USER_SCRIPT_SANDBOXING = NO;
				GENERATE_INFOPLIST_FILE = YES;
				INFOPLIST_FILE = Marker/Info.plist;
				INFOPLIST_KEY_CFBundleDisplayName = Marker;
				INFOPLIST_KEY_LSApplicationCategoryType = "public.app-category.utilities";
				INFOPLIST_KEY_UIApplicationSupportsIndirectInputEvents = YES;
				INFOPLIST_KEY_UILaunchStoryboardName = LaunchScreen;
				INFOPLIST_KEY_UIMainStoryboardFile = Main;
				INFOPLIST_KEY_UISupportedInterfaceOrientations_iPad = "UIInterfaceOrientationPortrait UIInterfaceOrientationPortraitUpsideDown UIInterfaceOrientationLandscapeLeft UIInterfaceOrientationLandscapeRight";
				INFOPLIST_KEY_UISupportedInterfaceOrientations_iPhone = "UIInterfaceOrientationPortrait UIInterfaceOrientationLandscapeLeft UIInterfaceOrientationLandscapeRight";
				LD_RUNPATH_SEARCH_PATHS = (
					"$(inherited)",
					"@executable_path/Frameworks",
				);
				MARKETING_VERSION = 1.0;
				OTHER_SWIFT_FLAGS = "$(inherited) -D COCOAPODS";
				PRODUCT_BUNDLE_IDENTIFIER = com.nexhub.Marker;
				PRODUCT_NAME = "$(TARGET_NAME)";
				SUPPORTED_PLATFORMS = "iphoneos iphonesimulator";
				SUPPORTS_MACCATALYST = NO;
				SUPPORTS_MAC_DESIGNED_FOR_IPHONE_IPAD = NO;
				SUPPORTS_XR_DESIGNED_FOR_IPHONE_IPAD = NO;
				SWIFT_EMIT_LOC_STRINGS = YES;
				SWIFT_VERSION = 5.0;
				TARGETED_DEVICE_FAMILY = 1;
			};
			name = Debug;
		};
		C975E9002C8AF67B00E4B75F /* Release */ = {
			isa = XCBuildConfiguration;
			baseConfigurationReference = C9E1802E2C8B3A6C0016767D /* ReleaseSettings.xcconfig */;
			buildSettings = {
				ASSETCATALOG_COMPILER_APPICON_NAME = AppIcon;
				ASSETCATALOG_COMPILER_GLOBAL_ACCENT_COLOR_NAME = AccentColor;
				CODE_SIGN_STYLE = Automatic;
				CURRENT_PROJECT_VERSION = 1;
				DEVELOPMENT_TEAM = L92342TF3R;
				ENABLE_USER_SCRIPT_SANDBOXING = NO;
				GENERATE_INFOPLIST_FILE = YES;
				INFOPLIST_FILE = Marker/Info.plist;
				INFOPLIST_KEY_CFBundleDisplayName = Marker;
				INFOPLIST_KEY_LSApplicationCategoryType = "public.app-category.utilities";
				INFOPLIST_KEY_UIApplicationSupportsIndirectInputEvents = YES;
				INFOPLIST_KEY_UILaunchStoryboardName = LaunchScreen;
				INFOPLIST_KEY_UIMainStoryboardFile = Main;
				INFOPLIST_KEY_UISupportedInterfaceOrientations_iPad = "UIInterfaceOrientationPortrait UIInterfaceOrientationPortraitUpsideDown UIInterfaceOrientationLandscapeLeft UIInterfaceOrientationLandscapeRight";
				INFOPLIST_KEY_UISupportedInterfaceOrientations_iPhone = "UIInterfaceOrientationPortrait UIInterfaceOrientationLandscapeLeft UIInterfaceOrientationLandscapeRight";
				LD_RUNPATH_SEARCH_PATHS = (
					"$(inherited)",
					"@executable_path/Frameworks",
				);
				MARKETING_VERSION = 1.0;
				OTHER_SWIFT_FLAGS = "$(inherited) -D COCOAPODS";
				PRODUCT_BUNDLE_IDENTIFIER = com.nexhub.Marker;
				PRODUCT_NAME = "$(TARGET_NAME)";
				SUPPORTED_PLATFORMS = "iphoneos iphonesimulator";
				SUPPORTS_MACCATALYST = NO;
				SUPPORTS_MAC_DESIGNED_FOR_IPHONE_IPAD = NO;
				SUPPORTS_XR_DESIGNED_FOR_IPHONE_IPAD = NO;
				SWIFT_EMIT_LOC_STRINGS = YES;
				SWIFT_VERSION = 5.0;
				TARGETED_DEVICE_FAMILY = 1;
			};
			name = Release;
		};
/* End XCBuildConfiguration section */

/* Begin XCConfigurationList section */
		C975E8E52C8AF67A00E4B75F /* Build configuration list for PBXProject "Marker" */ = {
			isa = XCConfigurationList;
			buildConfigurations = (
				C975E8FC2C8AF67B00E4B75F /* Debug */,
				C975E8FD2C8AF67B00E4B75F /* Release */,
			);
			defaultConfigurationIsVisible = 0;
			defaultConfigurationName = Release;
		};
		C975E8FE2C8AF67B00E4B75F /* Build configuration list for PBXNativeTarget "Marker" */ = {
			isa = XCConfigurationList;
			buildConfigurations = (
				C975E8FF2C8AF67B00E4B75F /* Debug */,
				C975E9002C8AF67B00E4B75F /* Release */,
			);
			defaultConfigurationIsVisible = 0;
			defaultConfigurationName = Release;
		};
/* End XCConfigurationList section */
	};
	rootObject = C975E8E22C8AF67A00E4B75F /* Project object */;
}
